
Microsoft Visual Studio Solution File, Format Version 12.00
# Visual Studio Version 17
VisualStudioVersion = 17.0.31919.166
MinimumVisualStudioVersion = 10.0.40219.1
Project("{FAE04EC0-301F-11D3-BF4B-00C04F79EFBC}") = "Reddit.API", "Reddit.API\Reddit.API.csproj", "{BB3EAA02-7E1E-462D-9385-0EE4A34DD84E}"
EndProject
Project("{FAE04EC0-301F-11D3-BF4B-00C04F79EFBC}") = "Reddit.Core", "Reddit.Core\Reddit.Core.csproj", "{FAA1FD40-455E-4CB4-AEEA-B538344E0654}"
EndProject
Project("{FAE04EC0-301F-11D3-BF4B-00C04F79EFBC}") = "Reddit.Console", "Reddit.Console\Reddit.Console.csproj", "{B1118A94-6519-449B-9949-5599AFA4FEE4}"
EndProject
Global
	GlobalSection(SolutionConfigurationPlatforms) = preSolution
		Debug|Any CPU = Debug|Any CPU
		Release|Any CPU = Release|Any CPU
	EndGlobalSection
	GlobalSection(ProjectConfigurationPlatforms) = postSolution
		{BB3EAA02-7E1E-462D-9385-0EE4A34DD84E}.Debug|Any CPU.ActiveCfg = Debug|Any CPU
		{BB3EAA02-7E1E-462D-9385-0EE4A34DD84E}.Debug|Any CPU.Build.0 = Debug|Any CPU
		{BB3EAA02-7E1E-462D-9385-0EE4A34DD84E}.Release|Any CPU.ActiveCfg = Release|Any CPU
		{BB3EAA02-7E1E-462D-9385-0EE4A34DD84E}.Release|Any CPU.Build.0 = Release|Any CPU
		{FAA1FD40-455E-4CB4-AEEA-B538344E0654}.Debug|Any CPU.ActiveCfg = Debug|Any CPU
		{FAA1FD40-455E-4CB4-AEEA-B538344E0654}.Debug|Any CPU.Build.0 = Debug|Any CPU
		{FAA1FD40-455E-4CB4-AEEA-B538344E0654}.Release|Any CPU.ActiveCfg = Release|Any CPU
		{FAA1FD40-455E-4CB4-AEEA-B538344E0654}.Release|Any CPU.Build.0 = Release|Any CPU
		{B1118A94-6519-449B-9949-5599AFA4FEE4}.Debug|Any CPU.ActiveCfg = Debug|Any CPU
		{B1118A94-6519-449B-9949-5599AFA4FEE4}.Debug|Any CPU.Build.0 = Debug|Any CPU
		{B1118A94-6519-449B-9949-5599AFA4FEE4}.Release|Any CPU.ActiveCfg = Release|Any CPU
		{B1118A94-6519-449B-9949-5599AFA4FEE4}.Release|Any CPU.Build.0 = Release|Any CPU
	EndGlobalSection
	GlobalSection(SolutionProperties) = preSolution
		HideSolutionNode = FALSE
	EndGlobalSection
	GlobalSection(ExtensibilityGlobals) = postSolution
		SolutionGuid = {A4D80494-675D-47BC-B60B-39D5E8035461}
	EndGlobalSection
EndGlobal
